// !$*UTF8*$!
{
	archiveVersion = 1;
	classes = {
	};
	objectVersion = 50;
	objects = {

/* Begin PBXBuildFile section */
		6DCE0F3A23DF8A9A00EE2C39 /* AppDelegate.m in Sources */ = {isa = PBXBuildFile; fileRef = 6DCE0F3923DF8A9A00EE2C39 /* AppDelegate.m */; };
		6DCE0F3D23DF8A9A00EE2C39 /* SceneDelegate.m in Sources */ = {isa = PBXBuildFile; fileRef = 6DCE0F3C23DF8A9A00EE2C39 /* SceneDelegate.m */; };
		6DCE0F4323DF8A9A00EE2C39 /* Main.storyboard in Resources */ = {isa = PBXBuildFile; fileRef = 6DCE0F4123DF8A9A00EE2C39 /* Main.storyboard */; };
		6DCE0F4523DF8A9E00EE2C39 /* Assets.xcassets in Resources */ = {isa = PBXBuildFile; fileRef = 6DCE0F4423DF8A9E00EE2C39 /* Assets.xcassets */; };
		6DCE0F4823DF8A9E00EE2C39 /* LaunchScreen.storyboard in Resources */ = {isa = PBXBuildFile; fileRef = 6DCE0F4623DF8A9E00EE2C39 /* LaunchScreen.storyboard */; };
		6DCE0F4B23DF8A9E00EE2C39 /* main.m in Sources */ = {isa = PBXBuildFile; fileRef = 6DCE0F4A23DF8A9E00EE2C39 /* main.m */; };
		6DCE0F5A23DF8C5400EE2C39 /* Entry.m in Sources */ = {isa = PBXBuildFile; fileRef = 6DCE0F5923DF8C5400EE2C39 /* Entry.m */; };
/* End PBXBuildFile section */

/* Begin PBXFileReference section */
		6DCE0F3523DF8A9A00EE2C39 /* JournalOBJC31.app */ = {isa = PBXFileReference; explicitFileType = wrapper.application; includeInIndex = 0; path = JournalOBJC31.app; sourceTree = BUILT_PRODUCTS_DIR; };
		6DCE0F3823DF8A9A00EE2C39 /* AppDelegate.h */ = {isa = PBXFileReference; lastKnownFileType = sourcecode.c.h; path = AppDelegate.h; sourceTree = "<group>"; };
		6DCE0F3923DF8A9A00EE2C39 /* AppDelegate.m */ = {isa = PBXFileReference; lastKnownFileType = sourcecode.c.objc; path = AppDelegate.m; sourceTree = "<group>"; };
		6DCE0F3B23DF8A9A00EE2C39 /* SceneDelegate.h */ = {isa = PBXFileReference; lastKnownFileType = sourcecode.c.h; path = SceneDelegate.h; sourceTree = "<group>"; };
		6DCE0F3C23DF8A9A00EE2C39 /* SceneDelegate.m */ = {isa = PBXFileReference; lastKnownFileType = sourcecode.c.objc; path = SceneDelegate.m; sourceTree = "<group>"; };
		6DCE0F4223DF8A9A00EE2C39 /* Base */ = {isa = PBXFileReference; lastKnownFileType = file.storyboard; name = Base; path = Base.lproj/Main.storyboard; sourceTree = "<group>"; };
		6DCE0F4423DF8A9E00EE2C39 /* Assets.xcassets */ = {isa = PBXFileReference; lastKnownFileType = folder.assetcatalog; path = Assets.xcassets; sourceTree = "<group>"; };
		6DCE0F4723DF8A9E00EE2C39 /* Base */ = {isa = PBXFileReference; lastKnownFileType = file.storyboard; name = Base; path = Base.lproj/LaunchScreen.storyboard; sourceTree = "<group>"; };
		6DCE0F4923DF8A9E00EE2C39 /* Info.plist */ = {isa = PBXFileReference; lastKnownFileType = text.plist.xml; path = Info.plist; sourceTree = "<group>"; };
		6DCE0F4A23DF8A9E00EE2C39 /* main.m */ = {isa = PBXFileReference; lastKnownFileType = sourcecode.c.objc; path = main.m; sourceTree = "<group>"; };
		6DCE0F5823DF8C5400EE2C39 /* Entry.h */ = {isa = PBXFileReference; lastKnownFileType = sourcecode.c.h; path = Entry.h; sourceTree = "<group>"; };
		6DCE0F5923DF8C5400EE2C39 /* Entry.m */ = {isa = PBXFileReference; lastKnownFileType = sourcecode.c.objc; path = Entry.m; sourceTree = "<group>"; };
/* End PBXFileReference section */

/* Begin PBXFrameworksBuildPhase section */
		6DCE0F3223DF8A9A00EE2C39 /* Frameworks */ = {
			isa = PBXFrameworksBuildPhase;
			buildActionMask = 2147483647;
			files = (
			);
			runOnlyForDeploymentPostprocessing = 0;
		};
/* End PBXFrameworksBuildPhase section */

/* Begin PBXGroup section */
		6DCE0F2C23DF8A9A00EE2C39 = {
			isa = PBXGroup;
			children = (
				6DCE0F3723DF8A9A00EE2C39 /* JournalOBJC31 */,
				6DCE0F3623DF8A9A00EE2C39 /* Products */,
			);
			sourceTree = "<group>";
		};
		6DCE0F3623DF8A9A00EE2C39 /* Products */ = {
			isa = PBXGroup;
			children = (
				6DCE0F3523DF8A9A00EE2C39 /* JournalOBJC31.app */,
			);
			name = Products;
			sourceTree = "<group>";
		};
		6DCE0F3723DF8A9A00EE2C39 /* JournalOBJC31 */ = {
			isa = PBXGroup;
			children = (
				6DCE0F5423DF8C1A00EE2C39 /* Models */,
				6DCE0F5323DF8C1000EE2C39 /* Views */,
				6DCE0F5223DF8C0400EE2C39 /* Controllers */,
				6DCE0F5123DF8BEA00EE2C39 /* Resources */,
				6DCE0F4123DF8A9A00EE2C39 /* Main.storyboard */,
			);
			path = JournalOBJC31;
			sourceTree = "<group>";
		};
		6DCE0F5123DF8BEA00EE2C39 /* Resources */ = {
			isa = PBXGroup;
			children = (
				6DCE0F3823DF8A9A00EE2C39 /* AppDelegate.h */,
				6DCE0F3923DF8A9A00EE2C39 /* AppDelegate.m */,
				6DCE0F3B23DF8A9A00EE2C39 /* SceneDelegate.h */,
				6DCE0F3C23DF8A9A00EE2C39 /* SceneDelegate.m */,
				6DCE0F4423DF8A9E00EE2C39 /* Assets.xcassets */,
				6DCE0F4623DF8A9E00EE2C39 /* LaunchScreen.storyboard */,
				6DCE0F4923DF8A9E00EE2C39 /* Info.plist */,
				6DCE0F4A23DF8A9E00EE2C39 /* main.m */,
			);
			path = Resources;
			sourceTree = "<group>";
		};
		6DCE0F5223DF8C0400EE2C39 /* Controllers */ = {
			isa = PBXGroup;
			children = (
				6DCE0F5523DF8C2200EE2C39 /* ModelControllers */,
				6DCE0F5623DF8C2600EE2C39 /* ViewControllers */,
			);
			path = Controllers;
			sourceTree = "<group>";
		};
		6DCE0F5323DF8C1000EE2C39 /* Views */ = {
			isa = PBXGroup;
			children = (
			);
			path = Views;
			sourceTree = "<group>";
		};
		6DCE0F5423DF8C1A00EE2C39 /* Models */ = {
			isa = PBXGroup;
			children = (
				6DCE0F5823DF8C5400EE2C39 /* Entry.h */,
				6DCE0F5923DF8C5400EE2C39 /* Entry.m */,
			);
			path = Models;
			sourceTree = "<group>";
		};
		6DCE0F5523DF8C2200EE2C39 /* ModelControllers */ = {
			isa = PBXGroup;
			children = (
			);
			path = ModelControllers;
			sourceTree = "<group>";
		};
		6DCE0F5623DF8C2600EE2C39 /* ViewControllers */ = {
			isa = PBXGroup;
			children = (
			);
			path = ViewControllers;
			sourceTree = "<group>";
		};
/* End PBXGroup section */

/* Begin PBXNativeTarget section */
		6DCE0F3423DF8A9A00EE2C39 /* JournalOBJC31 */ = {
			isa = PBXNativeTarget;
			buildConfigurationList = 6DCE0F4E23DF8A9E00EE2C39 /* Build configuration list for PBXNativeTarget "JournalOBJC31" */;
			buildPhases = (
				6DCE0F3123DF8A9A00EE2C39 /* Sources */,
				6DCE0F3223DF8A9A00EE2C39 /* Frameworks */,
				6DCE0F3323DF8A9A00EE2C39 /* Resources */,
			);
			buildRules = (
			);
			dependencies = (
			);
			name = JournalOBJC31;
			productName = JournalOBJC31;
			productReference = 6DCE0F3523DF8A9A00EE2C39 /* JournalOBJC31.app */;
			productType = "com.apple.product-type.application";
		};
/* End PBXNativeTarget section */

/* Begin PBXProject section */
		6DCE0F2D23DF8A9A00EE2C39 /* Project object */ = {
			isa = PBXProject;
			attributes = {
				LastUpgradeCheck = 1130;
				ORGANIZATIONNAME = "Jon Corn";
				TargetAttributes = {
					6DCE0F3423DF8A9A00EE2C39 = {
						CreatedOnToolsVersion = 11.3.1;
					};
				};
			};
			buildConfigurationList = 6DCE0F3023DF8A9A00EE2C39 /* Build configuration list for PBXProject "JournalOBJC31" */;
			compatibilityVersion = "Xcode 9.3";
			developmentRegion = en;
			hasScannedForEncodings = 0;
			knownRegions = (
				en,
				Base,
			);
			mainGroup = 6DCE0F2C23DF8A9A00EE2C39;
			productRefGroup = 6DCE0F3623DF8A9A00EE2C39 /* Products */;
			projectDirPath = "";
			projectRoot = "";
			targets = (
				6DCE0F3423DF8A9A00EE2C39 /* JournalOBJC31 */,
			);
		};
/* End PBXProject section */

/* Begin PBXResourcesBuildPhase section */
		6DCE0F3323DF8A9A00EE2C39 /* Resources */ = {
			isa = PBXResourcesBuildPhase;
			buildActionMask = 2147483647;
			files = (
				6DCE0F4823DF8A9E00EE2C39 /* LaunchScreen.storyboard in Resources */,
				6DCE0F4523DF8A9E00EE2C39 /* Assets.xcassets in Resources */,
				6DCE0F4323DF8A9A00EE2C39 /* Main.storyboard in Resources */,
			);
			runOnlyForDeploymentPostprocessing = 0;
		};
/* End PBXResourcesBuildPhase section */

/* Begin PBXSourcesBuildPhase section */
		6DCE0F3123DF8A9A00EE2C39 /* Sources */ = {
			isa = PBXSourcesBuildPhase;
			buildActionMask = 2147483647;
			files = (
				6DCE0F5A23DF8C5400EE2C39 /* Entry.m in Sources */,
				6DCE0F3A23DF8A9A00EE2C39 /* AppDelegate.m in Sources */,
				6DCE0F4B23DF8A9E00EE2C39 /* main.m in Sources */,
				6DCE0F3D23DF8A9A00EE2C39 /* SceneDelegate.m in Sources */,
			);
			runOnlyForDeploymentPostprocessing = 0;
		};
/* End PBXSourcesBuildPhase section */

/* Begin PBXVariantGroup section */
		6DCE0F4123DF8A9A00EE2C39 /* Main.storyboard */ = {
			isa = PBXVariantGroup;
			children = (
				6DCE0F4223DF8A9A00EE2C39 /* Base */,
			);
			name = Main.storyboard;
			sourceTree = "<group>";
		};
		6DCE0F4623DF8A9E00EE2C39 /* LaunchScreen.storyboard */ = {
			isa = PBXVariantGroup;
			children = (
				6DCE0F4723DF8A9E00EE2C39 /* Base */,
			);
			name = LaunchScreen.storyboard;
			sourceTree = "<group>";
		};
/* End PBXVariantGroup section */

/* Begin XCBuildConfiguration section */
		6DCE0F4C23DF8A9E00EE2C39 /* Debug */ = {
			isa = XCBuildConfiguration;
			buildSettings = {
				ALWAYS_SEARCH_USER_PATHS = NO;
				CLANG_ANALYZER_NONNULL = YES;
				CLANG_ANALYZER_NUMBER_OBJECT_CONVERSION = YES_AGGRESSIVE;
				CLANG_CXX_LANGUAGE_STANDARD = "gnu++14";
				CLANG_CXX_LIBRARY = "libc++";
				CLANG_ENABLE_MODULES = YES;
				CLANG_ENABLE_OBJC_ARC = YES;
				CLANG_ENABLE_OBJC_WEAK = YES;
				CLANG_WARN_BLOCK_CAPTURE_AUTORELEASING = YES;
				CLANG_WARN_BOOL_CONVERSION = YES;
				CLANG_WARN_COMMA = YES;
				CLANG_WARN_CONSTANT_CONVERSION = YES;
				CLANG_WARN_DEPRECATED_OBJC_IMPLEMENTATIONS = YES;
				CLANG_WARN_DIRECT_OBJC_ISA_USAGE = YES_ERROR;
				CLANG_WARN_DOCUMENTATION_COMMENTS = YES;
				CLANG_WARN_EMPTY_BODY = YES;
				CLANG_WARN_ENUM_CONVERSION = YES;
				CLANG_WARN_INFINITE_RECURSION = YES;
				CLANG_WARN_INT_CONVERSION = YES;
				CLANG_WARN_NON_LITERAL_NULL_CONVERSION = YES;
				CLANG_WARN_OBJC_IMPLICIT_RETAIN_SELF = YES;
				CLANG_WARN_OBJC_LITERAL_CONVERSION = YES;
				CLANG_WARN_OBJC_ROOT_CLASS = YES_ERROR;
				CLANG_WARN_RANGE_LOOP_ANALYSIS = YES;
				CLANG_WARN_STRICT_PROTOTYPES = YES;
				CLANG_WARN_SUSPICIOUS_MOVE = YES;
				CLANG_WARN_UNGUARDED_AVAILABILITY = YES_AGGRESSIVE;
				CLANG_WARN_UNREACHABLE_CODE = YES;
				CLANG_WARN__DUPLICATE_METHOD_MATCH = YES;
				COPY_PHASE_STRIP = NO;
				DEBUG_INFORMATION_FORMAT = dwarf;
				ENABLE_STRICT_OBJC_MSGSEND = YES;
				ENABLE_TESTABILITY = YES;
				GCC_C_LANGUAGE_STANDARD = gnu11;
				GCC_DYNAMIC_NO_PIC = NO;
				GCC_NO_COMMON_BLOCKS = YES;
				GCC_OPTIMIZATION_LEVEL = 0;
				GCC_PREPROCESSOR_DEFINITIONS = (
					"DEBUG=1",
					"$(inherited)",
				);
				GCC_WARN_64_TO_32_BIT_CONVERSION = YES;
				GCC_WARN_ABOUT_RETURN_TYPE = YES_ERROR;
				GCC_WARN_UNDECLARED_SELECTOR = YES;
				GCC_WARN_UNINITIALIZED_AUTOS = YES_AGGRESSIVE;
				GCC_WARN_UNUSED_FUNCTION = YES;
				GCC_WARN_UNUSED_VARIABLE = YES;
				IPHONEOS_DEPLOYMENT_TARGET = 13.2;
				MTL_ENABLE_DEBUG_INFO = INCLUDE_SOURCE;
				MTL_FAST_MATH = YES;
				ONLY_ACTIVE_ARCH = YES;
				SDKROOT = iphoneos;
			};
			name = Debug;
		};
		6DCE0F4D23DF8A9E00EE2C39 /* Release */ = {
			isa = XCBuildConfiguration;
			buildSettings = {
				ALWAYS_SEARCH_USER_PATHS = NO;
				CLANG_ANALYZER_NONNULL = YES;
				CLANG_ANALYZER_NUMBER_OBJECT_CONVERSION = YES_AGGRESSIVE;
				CLANG_CXX_LANGUAGE_STANDARD = "gnu++14";
				CLANG_CXX_LIBRARY = "libc++";
				CLANG_ENABLE_MODULES = YES;
				CLANG_ENABLE_OBJC_ARC = YES;
				CLANG_ENABLE_OBJC_WEAK = YES;
				CLANG_WARN_BLOCK_CAPTURE_AUTORELEASING = YES;
				CLANG_WARN_BOOL_CONVERSION = YES;
				CLANG_WARN_COMMA = YES;
				CLANG_WARN_CONSTANT_CONVERSION = YES;
				CLANG_WARN_DEPRECATED_OBJC_IMPLEMENTATIONS = YES;
				CLANG_WARN_DIRECT_OBJC_ISA_USAGE = YES_ERROR;
				CLANG_WARN_DOCUMENTATION_COMMENTS = YES;
				CLANG_WARN_EMPTY_BODY = YES;
				CLANG_WARN_ENUM_CONVERSION = YES;
				CLANG_WARN_INFINITE_RECURSION = YES;
				CLANG_WARN_INT_CONVERSION = YES;
				CLANG_WARN_NON_LITERAL_NULL_CONVERSION = YES;
				CLANG_WARN_OBJC_IMPLICIT_RETAIN_SELF = YES;
				CLANG_WARN_OBJC_LITERAL_CONVERSION = YES;
				CLANG_WARN_OBJC_ROOT_CLASS = YES_ERROR;
				CLANG_WARN_RANGE_LOOP_ANALYSIS = YES;
				CLANG_WARN_STRICT_PROTOTYPES = YES;
				CLANG_WARN_SUSPICIOUS_MOVE = YES;
				CLANG_WARN_UNGUARDED_AVAILABILITY = YES_AGGRESSIVE;
				CLANG_WARN_UNREACHABLE_CODE = YES;
				CLANG_WARN__DUPLICATE_METHOD_MATCH = YES;
				COPY_PHASE_STRIP = NO;
				DEBUG_INFORMATION_FORMAT = "dwarf-with-dsym";
				ENABLE_NS_ASSERTIONS = NO;
				ENABLE_STRICT_OBJC_MSGSEND = YES;
				GCC_C_LANGUAGE_STANDARD = gnu11;
				GCC_NO_COMMON_BLOCKS = YES;
				GCC_WARN_64_TO_32_BIT_CONVERSION = YES;
				GCC_WARN_ABOUT_RETURN_TYPE = YES_ERROR;
				GCC_WARN_UNDECLARED_SELECTOR = YES;
				GCC_WARN_UNINITIALIZED_AUTOS = YES_AGGRESSIVE;
				GCC_WARN_UNUSED_FUNCTION = YES;
				GCC_WARN_UNUSED_VARIABLE = YES;
				IPHONEOS_DEPLOYMENT_TARGET = 13.2;
				MTL_ENABLE_DEBUG_INFO = NO;
				MTL_FAST_MATH = YES;
				SDKROOT = iphoneos;
				VALIDATE_PRODUCT = YES;
			};
			name = Release;
		};
		6DCE0F4F23DF8A9E00EE2C39 /* Debug */ = {
			isa = XCBuildConfiguration;
			buildSettings = {
				ASSETCATALOG_COMPILER_APPICON_NAME = AppIcon;
				CODE_SIGN_STYLE = Automatic;
				INFOPLIST_FILE = JournalOBJC31/Info.plist;
				LD_RUNPATH_SEARCH_PATHS = (
					"$(inherited)",
					"@executable_path/Frameworks",
				);
				PRODUCT_BUNDLE_IDENTIFIER = com.jdcorn.JournalOBJC31;
				PRODUCT_NAME = "$(TARGET_NAME)";
				TARGETED_DEVICE_FAMILY = "1,2";
			};
			name = Debug;
		};
		6DCE0F5023DF8A9E00EE2C39 /* Release */ = {
			isa = XCBuildConfiguration;
			buildSettings = {
				ASSETCATALOG_COMPILER_APPICON_NAME = AppIcon;
				CODE_SIGN_STYLE = Automatic;
				INFOPLIST_FILE = JournalOBJC31/Info.plist;
				LD_RUNPATH_SEARCH_PATHS = (
					"$(inherited)",
					"@executable_path/Frameworks",
				);
				PRODUCT_BUNDLE_IDENTIFIER = com.jdcorn.JournalOBJC31;
				PRODUCT_NAME = "$(TARGET_NAME)";
				TARGETED_DEVICE_FAMILY = "1,2";
			};
			name = Release;
		};
/* End XCBuildConfiguration section */

/* Begin XCConfigurationList section */
		6DCE0F3023DF8A9A00EE2C39 /* Build configuration list for PBXProject "JournalOBJC31" */ = {
			isa = XCConfigurationList;
			buildConfigurations = (
				6DCE0F4C23DF8A9E00EE2C39 /* Debug */,
				6DCE0F4D23DF8A9E00EE2C39 /* Release */,
			);
			defaultConfigurationIsVisible = 0;
			defaultConfigurationName = Release;
		};
		6DCE0F4E23DF8A9E00EE2C39 /* Build configuration list for PBXNativeTarget "JournalOBJC31" */ = {
			isa = XCConfigurationList;
			buildConfigurations = (
				6DCE0F4F23DF8A9E00EE2C39 /* Debug */,
				6DCE0F5023DF8A9E00EE2C39 /* Release */,
			);
			defaultConfigurationIsVisible = 0;
			defaultConfigurationName = Release;
		};
/* End XCConfigurationList section */
	};
	rootObject = 6DCE0F2D23DF8A9A00EE2C39 /* Project object */;
}
